
Microsoft Visual Studio Solution File, Format Version 12.00
# Visual Studio 2013
VisualStudioVersion = 12.0.40629.0
MinimumVisualStudioVersion = 10.0.40219.1
Project("{2150E333-8FDC-42A3-9474-1A3956D46DE8}") = "01匿名类", "01匿名类", "{DC1B2A8C-2424-44C2-9F04-6A270A7C15BC}"
EndProject
Project("{FAE04EC0-301F-11D3-BF4B-00C04F79EFBC}") = "ConsoleApplication1", "ConsoleApplication1\ConsoleApplication1.csproj", "{EE34780A-E816-4B2C-AC07-76DE3FECBEA8}"
EndProject
Project("{2150E333-8FDC-42A3-9474-1A3956D46DE8}") = "02匿名方法", "02匿名方法", "{06776E69-C9E3-40A6-B243-2BB631303812}"
EndProject
Project("{FAE04EC0-301F-11D3-BF4B-00C04F79EFBC}") = "ConsoleApplication2", "ConsoleApplication2\ConsoleApplication2.csproj", "{8F00A94B-CB85-4B5D-8C10-2A786FF7201A}"
EndProject
Project("{2150E333-8FDC-42A3-9474-1A3956D46DE8}") = "03泛型", "03泛型", "{1C0CF7C0-6757-4A94-AF85-8C7DAB27BBE0}"
EndProject
Project("{FAE04EC0-301F-11D3-BF4B-00C04F79EFBC}") = "ConsoleApplication3", "ConsoleApplication3\ConsoleApplication3.csproj", "{FDA683D2-D3BD-419A-B409-C02E87F4EF14}"
EndProject
Project("{2150E333-8FDC-42A3-9474-1A3956D46DE8}") = "04委托", "04委托", "{15CBAACA-501F-4E65-80ED-BF1C5BBDCB1A}"
EndProject
Project("{FAE04EC0-301F-11D3-BF4B-00C04F79EFBC}") = "ConsoleApplication4", "ConsoleApplication4\ConsoleApplication4.csproj", "{AC8CD03E-9D72-439C-B1FB-AFEC570865BA}"
EndProject
Project("{2150E333-8FDC-42A3-9474-1A3956D46DE8}") = "05事件", "05事件", "{E02EBDB3-F0E8-4B13-9F8A-9A3814BB3E91}"
EndProject
Project("{FAE04EC0-301F-11D3-BF4B-00C04F79EFBC}") = "ConsoleApplication5", "ConsoleApplication5\ConsoleApplication5.csproj", "{3DED5311-F539-4B5D-AEA0-E1C37779F546}"
EndProject
Project("{2150E333-8FDC-42A3-9474-1A3956D46DE8}") = "06线程", "06线程", "{7FA33547-1A14-4762-BC24-56D1E836B2C3}"
EndProject
Project("{FAE04EC0-301F-11D3-BF4B-00C04F79EFBC}") = "ConsoleApplication6", "ConsoleApplication6\ConsoleApplication6.csproj", "{944453EF-4DB7-423F-8AF4-6E3A08CBB6F8}"
EndProject
Project("{2150E333-8FDC-42A3-9474-1A3956D46DE8}") = "07线程池", "07线程池", "{DCCB06CD-3B56-48DE-BC61-D4574BD57C35}"
EndProject
Project("{FAE04EC0-301F-11D3-BF4B-00C04F79EFBC}") = "ConsoleApplication7", "ConsoleApplication7\ConsoleApplication7.csproj", "{00C57205-4273-43DC-AFE9-ECD28E791B1F}"
EndProject
Global
	GlobalSection(SolutionConfigurationPlatforms) = preSolution
		Debug|Any CPU = Debug|Any CPU
		Release|Any CPU = Release|Any CPU
	EndGlobalSection
	GlobalSection(ProjectConfigurationPlatforms) = postSolution
		{EE34780A-E816-4B2C-AC07-76DE3FECBEA8}.Debug|Any CPU.ActiveCfg = Debug|Any CPU
		{EE34780A-E816-4B2C-AC07-76DE3FECBEA8}.Debug|Any CPU.Build.0 = Debug|Any CPU
		{EE34780A-E816-4B2C-AC07-76DE3FECBEA8}.Release|Any CPU.ActiveCfg = Release|Any CPU
		{EE34780A-E816-4B2C-AC07-76DE3FECBEA8}.Release|Any CPU.Build.0 = Release|Any CPU
		{8F00A94B-CB85-4B5D-8C10-2A786FF7201A}.Debug|Any CPU.ActiveCfg = Debug|Any CPU
		{8F00A94B-CB85-4B5D-8C10-2A786FF7201A}.Debug|Any CPU.Build.0 = Debug|Any CPU
		{8F00A94B-CB85-4B5D-8C10-2A786FF7201A}.Release|Any CPU.ActiveCfg = Release|Any CPU
		{8F00A94B-CB85-4B5D-8C10-2A786FF7201A}.Release|Any CPU.Build.0 = Release|Any CPU
		{FDA683D2-D3BD-419A-B409-C02E87F4EF14}.Debug|Any CPU.ActiveCfg = Debug|Any CPU
		{FDA683D2-D3BD-419A-B409-C02E87F4EF14}.Debug|Any CPU.Build.0 = Debug|Any CPU
		{FDA683D2-D3BD-419A-B409-C02E87F4EF14}.Release|Any CPU.ActiveCfg = Release|Any CPU
		{FDA683D2-D3BD-419A-B409-C02E87F4EF14}.Release|Any CPU.Build.0 = Release|Any CPU
		{AC8CD03E-9D72-439C-B1FB-AFEC570865BA}.Debug|Any CPU.ActiveCfg = Debug|Any CPU
		{AC8CD03E-9D72-439C-B1FB-AFEC570865BA}.Debug|Any CPU.Build.0 = Debug|Any CPU
		{AC8CD03E-9D72-439C-B1FB-AFEC570865BA}.Release|Any CPU.ActiveCfg = Release|Any CPU
		{AC8CD03E-9D72-439C-B1FB-AFEC570865BA}.Release|Any CPU.Build.0 = Release|Any CPU
		{3DED5311-F539-4B5D-AEA0-E1C37779F546}.Debug|Any CPU.ActiveCfg = Debug|Any CPU
		{3DED5311-F539-4B5D-AEA0-E1C37779F546}.Debug|Any CPU.Build.0 = Debug|Any CPU
		{3DED5311-F539-4B5D-AEA0-E1C37779F546}.Release|Any CPU.ActiveCfg = Release|Any CPU
		{3DED5311-F539-4B5D-AEA0-E1C37779F546}.Release|Any CPU.Build.0 = Release|Any CPU
		{944453EF-4DB7-423F-8AF4-6E3A08CBB6F8}.Debug|Any CPU.ActiveCfg = Debug|Any CPU
		{944453EF-4DB7-423F-8AF4-6E3A08CBB6F8}.Debug|Any CPU.Build.0 = Debug|Any CPU
		{944453EF-4DB7-423F-8AF4-6E3A08CBB6F8}.Release|Any CPU.ActiveCfg = Release|Any CPU
		{944453EF-4DB7-423F-8AF4-6E3A08CBB6F8}.Release|Any CPU.Build.0 = Release|Any CPU
		{00C57205-4273-43DC-AFE9-ECD28E791B1F}.Debug|Any CPU.ActiveCfg = Debug|Any CPU
		{00C57205-4273-43DC-AFE9-ECD28E791B1F}.Debug|Any CPU.Build.0 = Debug|Any CPU
		{00C57205-4273-43DC-AFE9-ECD28E791B1F}.Release|Any CPU.ActiveCfg = Release|Any CPU
		{00C57205-4273-43DC-AFE9-ECD28E791B1F}.Release|Any CPU.Build.0 = Release|Any CPU
	EndGlobalSection
	GlobalSection(SolutionProperties) = preSolution
		HideSolutionNode = FALSE
	EndGlobalSection
	GlobalSection(NestedProjects) = preSolution
		{EE34780A-E816-4B2C-AC07-76DE3FECBEA8} = {DC1B2A8C-2424-44C2-9F04-6A270A7C15BC}
		{8F00A94B-CB85-4B5D-8C10-2A786FF7201A} = {06776E69-C9E3-40A6-B243-2BB631303812}
		{FDA683D2-D3BD-419A-B409-C02E87F4EF14} = {1C0CF7C0-6757-4A94-AF85-8C7DAB27BBE0}
		{AC8CD03E-9D72-439C-B1FB-AFEC570865BA} = {15CBAACA-501F-4E65-80ED-BF1C5BBDCB1A}
		{3DED5311-F539-4B5D-AEA0-E1C37779F546} = {E02EBDB3-F0E8-4B13-9F8A-9A3814BB3E91}
		{944453EF-4DB7-423F-8AF4-6E3A08CBB6F8} = {7FA33547-1A14-4762-BC24-56D1E836B2C3}
		{00C57205-4273-43DC-AFE9-ECD28E791B1F} = {DCCB06CD-3B56-48DE-BC61-D4574BD57C35}
	EndGlobalSection
EndGlobal
